{
  "name": "phonecount",
  "version": "1.0.0",
  "lockfileVersion": 1,
  "requires": true,
  "dependencies": {
    "odometer": {
      "version": "0.4.8",
      "resolved": "https://registry.npmjs.org/odometer/-/odometer-0.4.8.tgz",
      "integrity": "sha1-L2cDv0xrOEwngjbQTUvIFxq+Q3Q=",
      "dev": true
    }
  }
}
