{
  "name": "phonecount",
  "version": "1.0.0",
  "lockfileVersion": 1,
  "requires": true,
  "dependencies": {
    "bounty": {
      "version": "1.2.1",
      "resolved": "https://registry.npmjs.org/bounty/-/bounty-1.2.1.tgz",
      "integrity": "sha512-nWR5bvelNpcfANyY39H8oSx6sNfdD52T07V65Y+DvcXhBNlcztKlGEAUQjUYkUqc4f4I19rnABboAClJ/gYyuw==",
      "dev": true
    },
    "odometer": {
      "version": "0.4.8",
      "resolved": "https://registry.npmjs.org/odometer/-/odometer-0.4.8.tgz",
      "integrity": "sha1-L2cDv0xrOEwngjbQTUvIFxq+Q3Q=",
      "dev": true
    }
  }
}
